// !$*UTF8*$!
{
	archiveVersion = 1;
	classes = {
	};
	objectVersion = 46;
	objects = {

/* Begin PBXBuildFile section */
		83693FBA1864CE3900704A3F /* Foundation.framework in Frameworks */ = {isa = PBXBuildFile; fileRef = 83693FB91864CE3900704A3F /* Foundation.framework */; };
		83693FBC1864CE3900704A3F /* CoreGraphics.framework in Frameworks */ = {isa = PBXBuildFile; fileRef = 83693FBB1864CE3900704A3F /* CoreGraphics.framework */; };
		83693FBE1864CE3900704A3F /* UIKit.framework in Frameworks */ = {isa = PBXBuildFile; fileRef = 83693FBD1864CE3900704A3F /* UIKit.framework */; };
		83693FC41864CE3900704A3F /* InfoPlist.strings in Resources */ = {isa = PBXBuildFile; fileRef = 83693FC21864CE3900704A3F /* InfoPlist.strings */; };
		83693FC61864CE3900704A3F /* main.m in Sources */ = {isa = PBXBuildFile; fileRef = 83693FC51864CE3900704A3F /* main.m */; };
		83693FCA1864CE3900704A3F /* APAppDelegate.m in Sources */ = {isa = PBXBuildFile; fileRef = 83693FC91864CE3900704A3F /* APAppDelegate.m */; };
		83693FCD1864CE3900704A3F /* Main_iPhone.storyboard in Resources */ = {isa = PBXBuildFile; fileRef = 83693FCB1864CE3900704A3F /* Main_iPhone.storyboard */; };
		83693FD01864CE3900704A3F /* Main_iPad.storyboard in Resources */ = {isa = PBXBuildFile; fileRef = 83693FCE1864CE3900704A3F /* Main_iPad.storyboard */; };
		83693FD31864CE3900704A3F /* APViewController.m in Sources */ = {isa = PBXBuildFile; fileRef = 83693FD21864CE3900704A3F /* APViewController.m */; };
		83693FD51864CE3900704A3F /* Images.xcassets in Resources */ = {isa = PBXBuildFile; fileRef = 83693FD41864CE3900704A3F /* Images.xcassets */; };
		83693FDC1864CE3900704A3F /* XCTest.framework in Frameworks */ = {isa = PBXBuildFile; fileRef = 83693FDB1864CE3900704A3F /* XCTest.framework */; };
		83693FDD1864CE3900704A3F /* Foundation.framework in Frameworks */ = {isa = PBXBuildFile; fileRef = 83693FB91864CE3900704A3F /* Foundation.framework */; };
		83693FDE1864CE3900704A3F /* UIKit.framework in Frameworks */ = {isa = PBXBuildFile; fileRef = 83693FBD1864CE3900704A3F /* UIKit.framework */; };
		83693FE61864CE3900704A3F /* InfoPlist.strings in Resources */ = {isa = PBXBuildFile; fileRef = 83693FE41864CE3900704A3F /* InfoPlist.strings */; };
		83693FE81864CE3900704A3F /* Crusher_IO_TestTests.m in Sources */ = {isa = PBXBuildFile; fileRef = 83693FE71864CE3900704A3F /* Crusher_IO_TestTests.m */; };
		836940421864CED500704A3F /* tumblr_mnh0n9pHJW1st5lhmo1_1280.jpg in Resources */ = {isa = PBXBuildFile; fileRef = 83693FF21864CED500704A3F /* tumblr_mnh0n9pHJW1st5lhmo1_1280.jpg */; };
		836940431864CED500704A3F /* tumblr_mnh0uemhCk1st5lhmo1_1280.jpg in Resources */ = {isa = PBXBuildFile; fileRef = 83693FF31864CED500704A3F /* tumblr_mnh0uemhCk1st5lhmo1_1280.jpg */; };
		836940441864CED500704A3F /* tumblr_mnh1d7s3UD1st5lhmo1_1280.jpg in Resources */ = {isa = PBXBuildFile; fileRef = 83693FF41864CED500704A3F /* tumblr_mnh1d7s3UD1st5lhmo1_1280.jpg */; };
		836940451864CED500704A3F /* tumblr_mnh1jdFvHR1st5lhmo1_1280.jpg in Resources */ = {isa = PBXBuildFile; fileRef = 83693FF51864CED500704A3F /* tumblr_mnh1jdFvHR1st5lhmo1_1280.jpg */; };
		836940461864CED500704A3F /* tumblr_mnh1uhYnog1st5lhmo1_1280.jpg in Resources */ = {isa = PBXBuildFile; fileRef = 83693FF61864CED500704A3F /* tumblr_mnh1uhYnog1st5lhmo1_1280.jpg */; };
		836940471864CED500704A3F /* tumblr_mnh2m1hnS81st5lhmo1_1280.jpg in Resources */ = {isa = PBXBuildFile; fileRef = 83693FF71864CED500704A3F /* tumblr_mnh2m1hnS81st5lhmo1_1280.jpg */; };
		836940481864CED500704A3F /* tumblr_mnh17lfd9R1st5lhmo1_1280.jpg in Resources */ = {isa = PBXBuildFile; fileRef = 83693FF81864CED500704A3F /* tumblr_mnh17lfd9R1st5lhmo1_1280.jpg */; };
		836940491864CED500704A3F /* tumblr_mnh25vNOvI1st5lhmo1_1280.jpg in Resources */ = {isa = PBXBuildFile; fileRef = 83693FF91864CED500704A3F /* tumblr_mnh25vNOvI1st5lhmo1_1280.jpg */; };
		8369404A1864CED500704A3F /* tumblr_mnh29fxz111st5lhmo1_1280.jpg in Resources */ = {isa = PBXBuildFile; fileRef = 83693FFA1864CED500704A3F /* tumblr_mnh29fxz111st5lhmo1_1280.jpg */; };
		8369404B1864CED500704A3F /* tumblr_mnh121HEWa1st5lhmo1_1280.jpg in Resources */ = {isa = PBXBuildFile; fileRef = 83693FFB1864CED500704A3F /* tumblr_mnh121HEWa1st5lhmo1_1280.jpg */; };
		8369404C1864CED500704A3F /* tumblr_mo1h6tGOZf1st5lhmo1_1280.jpg in Resources */ = {isa = PBXBuildFile; fileRef = 83693FFC1864CED500704A3F /* tumblr_mo1h6tGOZf1st5lhmo1_1280.jpg */; };
		8369404D1864CED500704A3F /* tumblr_mo2wz2LTCs1st5lhmo1_1280.jpg in Resources */ = {isa = PBXBuildFile; fileRef = 83693FFD1864CED500704A3F /* tumblr_mo2wz2LTCs1st5lhmo1_1280.jpg */; };
		8369404E1864CED500704A3F /* tumblr_mo2x3aAnRH1st5lhmo1_1280.jpg in Resources */ = {isa = PBXBuildFile; fileRef = 83693FFE1864CED500704A3F /* tumblr_mo2x3aAnRH1st5lhmo1_1280.jpg */; };
		8369404F1864CED500704A3F /* tumblr_mo2x9xqeef1st5lhmo1_1280.jpg in Resources */ = {isa = PBXBuildFile; fileRef = 83693FFF1864CED500704A3F /* tumblr_mo2x9xqeef1st5lhmo1_1280.jpg */; };
		836940501864CED500704A3F /* tumblr_mo2x80NkDu1st5lhmo1_1280.jpg in Resources */ = {isa = PBXBuildFile; fileRef = 836940001864CED500704A3F /* tumblr_mo2x80NkDu1st5lhmo1_1280.jpg */; };
		836940511864CED500704A3F /* tumblr_mo2xbk8JUK1st5lhmo1_1280.jpg in Resources */ = {isa = PBXBuildFile; fileRef = 836940011864CED500704A3F /* tumblr_mo2xbk8JUK1st5lhmo1_1280.jpg */; };
		836940521864CED500704A3F /* tumblr_mo2xdqmle51st5lhmo1_1280.jpg in Resources */ = {isa = PBXBuildFile; fileRef = 836940021864CED500704A3F /* tumblr_mo2xdqmle51st5lhmo1_1280.jpg */; };
		836940531864CED500704A3F /* tumblr_mo2xfarCvW1st5lhmo1_1280.jpg in Resources */ = {isa = PBXBuildFile; fileRef = 836940031864CED500704A3F /* tumblr_mo2xfarCvW1st5lhmo1_1280.jpg */; };
		836940541864CED500704A3F /* tumblr_mo2xgqdEFn1st5lhmo1_1280.jpg in Resources */ = {isa = PBXBuildFile; fileRef = 836940041864CED500704A3F /* tumblr_mo2xgqdEFn1st5lhmo1_1280.jpg */; };
		836940551864CED500704A3F /* tumblr_mo2xijE2nr1st5lhmo1_1280.jpg in Resources */ = {isa = PBXBuildFile; fileRef = 836940051864CED500704A3F /* tumblr_mo2xijE2nr1st5lhmo1_1280.jpg */; };
		836940561864CED500704A3F /* tumblr_mopq4kHmAg1st5lhmo1_1280.jpg in Resources */ = {isa = PBXBuildFile; fileRef = 836940061864CED500704A3F /* tumblr_mopq4kHmAg1st5lhmo1_1280.jpg */; };
		836940571864CED500704A3F /* tumblr_mopq8fyQwI1st5lhmo1_1280.jpg in Resources */ = {isa = PBXBuildFile; fileRef = 836940071864CED500704A3F /* tumblr_mopq8fyQwI1st5lhmo1_1280.jpg */; };
		836940581864CED500704A3F /* tumblr_mopq69jlcS1st5lhmo1_1280.jpg in Resources */ = {isa = PBXBuildFile; fileRef = 836940081864CED500704A3F /* tumblr_mopq69jlcS1st5lhmo1_1280.jpg */; };
		836940591864CED500704A3F /* tumblr_mopqamedKu1st5lhmo1_1280.jpg in Resources */ = {isa = PBXBuildFile; fileRef = 836940091864CED500704A3F /* tumblr_mopqamedKu1st5lhmo1_1280.jpg */; };
		8369405A1864CED500704A3F /* tumblr_mopqc3ZZcz1st5lhmo1_1280.jpg in Resources */ = {isa = PBXBuildFile; fileRef = 8369400A1864CED500704A3F /* tumblr_mopqc3ZZcz1st5lhmo1_1280.jpg */; };
		8369405B1864CED500704A3F /* tumblr_mopqdfx05t1st5lhmo1_1280.jpg in Resources */ = {isa = PBXBuildFile; fileRef = 8369400B1864CED500704A3F /* tumblr_mopqdfx05t1st5lhmo1_1280.jpg */; };
		8369405C1864CED500704A3F /* tumblr_mopqfpSTPN1st5lhmo1_1280.jpg in Resources */ = {isa = PBXBuildFile; fileRef = 8369400C1864CED500704A3F /* tumblr_mopqfpSTPN1st5lhmo1_1280.jpg */; };
		8369405D1864CED500704A3F /* tumblr_mopqhxFulr1st5lhmo1_1280.jpg in Resources */ = {isa = PBXBuildFile; fileRef = 8369400D1864CED500704A3F /* tumblr_mopqhxFulr1st5lhmo1_1280.jpg */; };
		8369405E1864CED500704A3F /* tumblr_mopqj9QUeq1st5lhmo1_1280.jpg in Resources */ = {isa = PBXBuildFile; fileRef = 8369400E1864CED500704A3F /* tumblr_mopqj9QUeq1st5lhmo1_1280.jpg */; };
		8369405F1864CED500704A3F /* tumblr_mopqkkwK2M1st5lhmo1_1280.jpg in Resources */ = {isa = PBXBuildFile; fileRef = 8369400F1864CED500704A3F /* tumblr_mopqkkwK2M1st5lhmo1_1280.jpg */; };
		836940601864CED500704A3F /* tumblr_mp6ryedHF91st5lhmo1_1280.jpg in Resources */ = {isa = PBXBuildFile; fileRef = 836940101864CED500704A3F /* tumblr_mp6ryedHF91st5lhmo1_1280.jpg */; };
		836940611864CED500704A3F /* tumblr_mp6rzyNlAN1st5lhmo1_1280.jpg in Resources */ = {isa = PBXBuildFile; fileRef = 836940111864CED500704A3F /* tumblr_mp6rzyNlAN1st5lhmo1_1280.jpg */; };
		836940621864CED500704A3F /* tumblr_mp6s1hAudo1st5lhmo1_1280.jpg in Resources */ = {isa = PBXBuildFile; fileRef = 836940121864CED500704A3F /* tumblr_mp6s1hAudo1st5lhmo1_1280.jpg */; };
		836940631864CED500704A3F /* tumblr_mp6s4dzqHA1st5lhmo1_1280.jpg in Resources */ = {isa = PBXBuildFile; fileRef = 836940131864CED500704A3F /* tumblr_mp6s4dzqHA1st5lhmo1_1280.jpg */; };
		836940641864CED500704A3F /* tumblr_mp6s7lR1lS1st5lhmo1_1280.jpg in Resources */ = {isa = PBXBuildFile; fileRef = 836940141864CED500704A3F /* tumblr_mp6s7lR1lS1st5lhmo1_1280.jpg */; };
		836940651864CED500704A3F /* tumblr_mp6s32zb6l1st5lhmo1_1280.jpg in Resources */ = {isa = PBXBuildFile; fileRef = 836940151864CED500704A3F /* tumblr_mp6s32zb6l1st5lhmo1_1280.jpg */; };
		836940661864CED500704A3F /* tumblr_mp6s661UgK1st5lhmo1_1280.jpg in Resources */ = {isa = PBXBuildFile; fileRef = 836940161864CED500704A3F /* tumblr_mp6s661UgK1st5lhmo1_1280.jpg */; };
		836940671864CED500704A3F /* tumblr_mp6s995bvI1st5lhmo1_1280.jpg in Resources */ = {isa = PBXBuildFile; fileRef = 836940171864CED500704A3F /* tumblr_mp6s995bvI1st5lhmo1_1280.jpg */; };
		836940681864CED500704A3F /* tumblr_mp6sasSvPZ1st5lhmo1_1280.jpg in Resources */ = {isa = PBXBuildFile; fileRef = 836940181864CED500704A3F /* tumblr_mp6sasSvPZ1st5lhmo1_1280.jpg */; };
		836940691864CED500704A3F /* tumblr_mp6scv2xrZ1st5lhmo1_1280.jpg in Resources */ = {isa = PBXBuildFile; fileRef = 836940191864CED500704A3F /* tumblr_mp6scv2xrZ1st5lhmo1_1280.jpg */; };
		8369406A1864CED500704A3F /* tumblr_mpp6adioyB1st5lhmo1_1280.jpg in Resources */ = {isa = PBXBuildFile; fileRef = 8369401A1864CED500704A3F /* tumblr_mpp6adioyB1st5lhmo1_1280.jpg */; };
		8369406B1864CED500704A3F /* tumblr_mpp6f50W261st5lhmo1_1280.jpg in Resources */ = {isa = PBXBuildFile; fileRef = 8369401B1864CED500704A3F /* tumblr_mpp6f50W261st5lhmo1_1280.jpg */; };
		8369406C1864CED500704A3F /* tumblr_mpp6gwrYvm1st5lhmo1_1280.jpg in Resources */ = {isa = PBXBuildFile; fileRef = 8369401C1864CED500704A3F /* tumblr_mpp6gwrYvm1st5lhmo1_1280.jpg */; };
		8369406D1864CED500704A3F /* tumblr_mpp6jgOer51st5lhmo1_1280.jpg in Resources */ = {isa = PBXBuildFile; fileRef = 8369401D1864CED500704A3F /* tumblr_mpp6jgOer51st5lhmo1_1280.jpg */; };
		8369406E1864CED500704A3F /* tumblr_mpp6l06zXi1st5lhmo1_1280.jpg in Resources */ = {isa = PBXBuildFile; fileRef = 8369401E1864CED500704A3F /* tumblr_mpp6l06zXi1st5lhmo1_1280.jpg */; };
		8369406F1864CED500704A3F /* tumblr_mpp6mqgvVh1st5lhmo1_1280.jpg in Resources */ = {isa = PBXBuildFile; fileRef = 8369401F1864CED500704A3F /* tumblr_mpp6mqgvVh1st5lhmo1_1280.jpg */; };
		836940701864CED500704A3F /* tumblr_mpp6oaFvzX1st5lhmo1_1280.jpg in Resources */ = {isa = PBXBuildFile; fileRef = 836940201864CED500704A3F /* tumblr_mpp6oaFvzX1st5lhmo1_1280.jpg */; };
		836940711864CED500704A3F /* tumblr_mpp6poZxE51st5lhmo1_1280.jpg in Resources */ = {isa = PBXBuildFile; fileRef = 836940211864CED500704A3F /* tumblr_mpp6poZxE51st5lhmo1_1280.jpg */; };
		836940721864CED500704A3F /* tumblr_mpp6tjdFhf1st5lhmo1_1280.jpg in Resources */ = {isa = PBXBuildFile; fileRef = 836940221864CED500704A3F /* tumblr_mpp6tjdFhf1st5lhmo1_1280.jpg */; };
		836940731864CED500704A3F /* tumblr_mpp6w0dxAm1st5lhmo1_1280.jpg in Resources */ = {isa = PBXBuildFile; fileRef = 836940231864CED500704A3F /* tumblr_mpp6w0dxAm1st5lhmo1_1280.jpg */; };
		836940741864CED500704A3F /* tumblr_mq7alrPTDm1st5lhmo1_1280.jpg in Resources */ = {isa = PBXBuildFile; fileRef = 836940241864CED500704A3F /* tumblr_mq7alrPTDm1st5lhmo1_1280.jpg */; };
		836940751864CED500704A3F /* tumblr_mq7anbQsfQ1st5lhmo1_1280.jpg in Resources */ = {isa = PBXBuildFile; fileRef = 836940251864CED500704A3F /* tumblr_mq7anbQsfQ1st5lhmo1_1280.jpg */; };
		836940761864CED500704A3F /* tumblr_mq7aoklQGc1st5lhmo1_1280.jpg in Resources */ = {isa = PBXBuildFile; fileRef = 836940261864CED500704A3F /* tumblr_mq7aoklQGc1st5lhmo1_1280.jpg */; };
		836940771864CED500704A3F /* tumblr_mq7aptrk1n1st5lhmo1_1280.jpg in Resources */ = {isa = PBXBuildFile; fileRef = 836940271864CED500704A3F /* tumblr_mq7aptrk1n1st5lhmo1_1280.jpg */; };
		836940781864CED500704A3F /* tumblr_mq7ar9reMm1st5lhmo1_1280.jpg in Resources */ = {isa = PBXBuildFile; fileRef = 836940281864CED500704A3F /* tumblr_mq7ar9reMm1st5lhmo1_1280.jpg */; };
		836940791864CED500704A3F /* tumblr_mq7at6uz641st5lhmo1_1280.jpg in Resources */ = {isa = PBXBuildFile; fileRef = 836940291864CED500704A3F /* tumblr_mq7at6uz641st5lhmo1_1280.jpg */; };
		8369407A1864CED500704A3F /* tumblr_mq7bnogm3e1st5lhmo1_1280.jpg in Resources */ = {isa = PBXBuildFile; fileRef = 8369402A1864CED500704A3F /* tumblr_mq7bnogm3e1st5lhmo1_1280.jpg */; };
		8369407B1864CED500704A3F /* tumblr_mq7ejb3POL1st5lhmo1_1280.jpg in Resources */ = {isa = PBXBuildFile; fileRef = 8369402B1864CED500704A3F /* tumblr_mq7ejb3POL1st5lhmo1_1280.jpg */; };
		8369407C1864CED500704A3F /* tumblr_mq7emjlEUK1st5lhmo1_1280.jpg in Resources */ = {isa = PBXBuildFile; fileRef = 8369402C1864CED500704A3F /* tumblr_mq7emjlEUK1st5lhmo1_1280.jpg */; };
		8369407D1864CED500704A3F /* tumblr_mq7ensU4u81st5lhmo1_1280.jpg in Resources */ = {isa = PBXBuildFile; fileRef = 8369402D1864CED500704A3F /* tumblr_mq7ensU4u81st5lhmo1_1280.jpg */; };
		8369407E1864CED500704A3F /* tumblr_mqq4afNjDp1st5lhmo1_1280.jpg in Resources */ = {isa = PBXBuildFile; fileRef = 8369402E1864CED500704A3F /* tumblr_mqq4afNjDp1st5lhmo1_1280.jpg */; };
		8369407F1864CED500704A3F /* tumblr_mqq4bwAxVR1st5lhmo1_1280.jpg in Resources */ = {isa = PBXBuildFile; fileRef = 8369402F1864CED500704A3F /* tumblr_mqq4bwAxVR1st5lhmo1_1280.jpg */; };
		836940801864CED500704A3F /* tumblr_mqq4d9GIwL1st5lhmo1_1280.jpg in Resources */ = {isa = PBXBuildFile; fileRef = 836940301864CED500704A3F /* tumblr_mqq4d9GIwL1st5lhmo1_1280.jpg */; };
		836940811864CED500704A3F /* tumblr_mqq4hdACzf1st5lhmo1_1280.jpg in Resources */ = {isa = PBXBuildFile; fileRef = 836940311864CED500704A3F /* tumblr_mqq4hdACzf1st5lhmo1_1280.jpg */; };
		836940821864CED500704A3F /* tumblr_mqq4ivpL641st5lhmo1_1280.jpg in Resources */ = {isa = PBXBuildFile; fileRef = 836940321864CED500704A3F /* tumblr_mqq4ivpL641st5lhmo1_1280.jpg */; };
		836940831864CED500704A3F /* tumblr_mqq4l2H3Fh1st5lhmo1_1280.jpg in Resources */ = {isa = PBXBuildFile; fileRef = 836940331864CED500704A3F /* tumblr_mqq4l2H3Fh1st5lhmo1_1280.jpg */; };
		836940841864CED500704A3F /* tumblr_mqq4ml5ChT1st5lhmo1_1280.jpg in Resources */ = {isa = PBXBuildFile; fileRef = 836940341864CED500704A3F /* tumblr_mqq4ml5ChT1st5lhmo1_1280.jpg */; };
		836940851864CED500704A3F /* tumblr_mqq4o2MVXD1st5lhmo1_1280.jpg in Resources */ = {isa = PBXBuildFile; fileRef = 836940351864CED500704A3F /* tumblr_mqq4o2MVXD1st5lhmo1_1280.jpg */; };
		836940861864CED500704A3F /* tumblr_mqq46zFcv11st5lhmo1_1280.jpg in Resources */ = {isa = PBXBuildFile; fileRef = 836940361864CED500704A3F /* tumblr_mqq46zFcv11st5lhmo1_1280.jpg */; };
		836940871864CED500704A3F /* tumblr_mqq48zRR9x1st5lhmo1_1280.jpg in Resources */ = {isa = PBXBuildFile; fileRef = 836940371864CED500704A3F /* tumblr_mqq48zRR9x1st5lhmo1_1280.jpg */; };
		836940881864CED500704A3F /* tumblr_mr80a1mhlR1st5lhmo1_1280.jpg in Resources */ = {isa = PBXBuildFile; fileRef = 836940381864CED500704A3F /* tumblr_mr80a1mhlR1st5lhmo1_1280.jpg */; };
		836940891864CED500704A3F /* tumblr_mr80c9Mbkt1st5lhmo1_1280.jpg in Resources */ = {isa = PBXBuildFile; fileRef = 836940391864CED500704A3F /* tumblr_mr80c9Mbkt1st5lhmo1_1280.jpg */; };
		8369408A1864CED500704A3F /* tumblr_mr80f71qQe1st5lhmo1_1280.jpg in Resources */ = {isa = PBXBuildFile; fileRef = 8369403A1864CED500704A3F /* tumblr_mr80f71qQe1st5lhmo1_1280.jpg */; };
		8369408B1864CED500704A3F /* tumblr_mr80i7wt171st5lhmo1_1280.jpg in Resources */ = {isa = PBXBuildFile; fileRef = 8369403B1864CED500704A3F /* tumblr_mr80i7wt171st5lhmo1_1280.jpg */; };
		8369408C1864CED500704A3F /* tumblr_mr80knfGwL1st5lhmo1_1280.jpg in Resources */ = {isa = PBXBuildFile; fileRef = 8369403C1864CED500704A3F /* tumblr_mr80knfGwL1st5lhmo1_1280.jpg */; };
		8369408D1864CED500704A3F /* tumblr_mr80mqGZC31st5lhmo1_1280.jpg in Resources */ = {isa = PBXBuildFile; fileRef = 8369403D1864CED500704A3F /* tumblr_mr80mqGZC31st5lhmo1_1280.jpg */; };
		8369408E1864CED500704A3F /* tumblr_mr80okcWTk1st5lhmo1_1280.jpg in Resources */ = {isa = PBXBuildFile; fileRef = 8369403E1864CED500704A3F /* tumblr_mr80okcWTk1st5lhmo1_1280.jpg */; };
		8369408F1864CED500704A3F /* tumblr_mr80qcdlpR1st5lhmo1_1280.jpg in Resources */ = {isa = PBXBuildFile; fileRef = 8369403F1864CED500704A3F /* tumblr_mr80qcdlpR1st5lhmo1_1280.jpg */; };
		836940901864CED500704A3F /* tumblr_mr80snx79b1st5lhmo1_1280.jpg in Resources */ = {isa = PBXBuildFile; fileRef = 836940401864CED500704A3F /* tumblr_mr80snx79b1st5lhmo1_1280.jpg */; };
		836940911864CED500704A3F /* tumblr_mr807bH7hh1st5lhmo1_1280.jpg in Resources */ = {isa = PBXBuildFile; fileRef = 836940411864CED500704A3F /* tumblr_mr807bH7hh1st5lhmo1_1280.jpg */; };
/* End PBXBuildFile section */

/* Begin PBXContainerItemProxy section */
		83693FDF1864CE3900704A3F /* PBXContainerItemProxy */ = {
			isa = PBXContainerItemProxy;
			containerPortal = 83693FAE1864CE3900704A3F /* Project object */;
			proxyType = 1;
			remoteGlobalIDString = 83693FB51864CE3900704A3F;
			remoteInfo = "Crusher IO Test";
		};
/* End PBXContainerItemProxy section */

/* Begin PBXFileReference section */
		83693FB61864CE3900704A3F /* Crusher IO Test.app */ = {isa = PBXFileReference; explicitFileType = wrapper.application; includeInIndex = 0; path = "Crusher IO Test.app"; sourceTree = BUILT_PRODUCTS_DIR; };
		83693FB91864CE3900704A3F /* Foundation.framework */ = {isa = PBXFileReference; lastKnownFileType = wrapper.framework; name = Foundation.framework; path = System/Library/Frameworks/Foundation.framework; sourceTree = SDKROOT; };
		83693FBB1864CE3900704A3F /* CoreGraphics.framework */ = {isa = PBXFileReference; lastKnownFileType = wrapper.framework; name = CoreGraphics.framework; path = System/Library/Frameworks/CoreGraphics.framework; sourceTree = SDKROOT; };
		83693FBD1864CE3900704A3F /* UIKit.framework */ = {isa = PBXFileReference; lastKnownFileType = wrapper.framework; name = UIKit.framework; path = System/Library/Frameworks/UIKit.framework; sourceTree = SDKROOT; };
		83693FC11864CE3900704A3F /* Crusher IO Test-Info.plist */ = {isa = PBXFileReference; lastKnownFileType = text.plist.xml; path = "Crusher IO Test-Info.plist"; sourceTree = "<group>"; };
		83693FC31864CE3900704A3F /* en */ = {isa = PBXFileReference; lastKnownFileType = text.plist.strings; name = en; path = en.lproj/InfoPlist.strings; sourceTree = "<group>"; };
		83693FC51864CE3900704A3F /* main.m */ = {isa = PBXFileReference; lastKnownFileType = sourcecode.c.objc; path = main.m; sourceTree = "<group>"; };
		83693FC71864CE3900704A3F /* Crusher IO Test-Prefix.pch */ = {isa = PBXFileReference; lastKnownFileType = sourcecode.c.h; path = "Crusher IO Test-Prefix.pch"; sourceTree = "<group>"; };
		83693FC81864CE3900704A3F /* APAppDelegate.h */ = {isa = PBXFileReference; lastKnownFileType = sourcecode.c.h; path = APAppDelegate.h; sourceTree = "<group>"; };
		83693FC91864CE3900704A3F /* APAppDelegate.m */ = {isa = PBXFileReference; lastKnownFileType = sourcecode.c.objc; path = APAppDelegate.m; sourceTree = "<group>"; };
		83693FCC1864CE3900704A3F /* Base */ = {isa = PBXFileReference; lastKnownFileType = file.storyboard; name = Base; path = Base.lproj/Main_iPhone.storyboard; sourceTree = "<group>"; };
		83693FCF1864CE3900704A3F /* Base */ = {isa = PBXFileReference; lastKnownFileType = file.storyboard; name = Base; path = Base.lproj/Main_iPad.storyboard; sourceTree = "<group>"; };
		83693FD11864CE3900704A3F /* APViewController.h */ = {isa = PBXFileReference; lastKnownFileType = sourcecode.c.h; path = APViewController.h; sourceTree = "<group>"; };
		83693FD21864CE3900704A3F /* APViewController.m */ = {isa = PBXFileReference; lastKnownFileType = sourcecode.c.objc; path = APViewController.m; sourceTree = "<group>"; };
		83693FD41864CE3900704A3F /* Images.xcassets */ = {isa = PBXFileReference; lastKnownFileType = folder.assetcatalog; path = Images.xcassets; sourceTree = "<group>"; };
		83693FDA1864CE3900704A3F /* Crusher IO TestTests.xctest */ = {isa = PBXFileReference; explicitFileType = wrapper.cfbundle; includeInIndex = 0; path = "Crusher IO TestTests.xctest"; sourceTree = BUILT_PRODUCTS_DIR; };
		83693FDB1864CE3900704A3F /* XCTest.framework */ = {isa = PBXFileReference; lastKnownFileType = wrapper.framework; name = XCTest.framework; path = Library/Frameworks/XCTest.framework; sourceTree = DEVELOPER_DIR; };
		83693FE31864CE3900704A3F /* Crusher IO TestTests-Info.plist */ = {isa = PBXFileReference; lastKnownFileType = text.plist.xml; path = "Crusher IO TestTests-Info.plist"; sourceTree = "<group>"; };
		83693FE51864CE3900704A3F /* en */ = {isa = PBXFileReference; lastKnownFileType = text.plist.strings; name = en; path = en.lproj/InfoPlist.strings; sourceTree = "<group>"; };
		83693FE71864CE3900704A3F /* Crusher_IO_TestTests.m */ = {isa = PBXFileReference; lastKnownFileType = sourcecode.c.objc; path = Crusher_IO_TestTests.m; sourceTree = "<group>"; };
		83693FF21864CED500704A3F /* tumblr_mnh0n9pHJW1st5lhmo1_1280.jpg */ = {isa = PBXFileReference; lastKnownFileType = image.jpeg; path = tumblr_mnh0n9pHJW1st5lhmo1_1280.jpg; sourceTree = "<group>"; };
		83693FF31864CED500704A3F /* tumblr_mnh0uemhCk1st5lhmo1_1280.jpg */ = {isa = PBXFileReference; lastKnownFileType = image.jpeg; path = tumblr_mnh0uemhCk1st5lhmo1_1280.jpg; sourceTree = "<group>"; };
		83693FF41864CED500704A3F /* tumblr_mnh1d7s3UD1st5lhmo1_1280.jpg */ = {isa = PBXFileReference; lastKnownFileType = image.jpeg; path = tumblr_mnh1d7s3UD1st5lhmo1_1280.jpg; sourceTree = "<group>"; };
		83693FF51864CED500704A3F /* tumblr_mnh1jdFvHR1st5lhmo1_1280.jpg */ = {isa = PBXFileReference; lastKnownFileType = image.jpeg; path = tumblr_mnh1jdFvHR1st5lhmo1_1280.jpg; sourceTree = "<group>"; };
		83693FF61864CED500704A3F /* tumblr_mnh1uhYnog1st5lhmo1_1280.jpg */ = {isa = PBXFileReference; lastKnownFileType = image.jpeg; path = tumblr_mnh1uhYnog1st5lhmo1_1280.jpg; sourceTree = "<group>"; };
		83693FF71864CED500704A3F /* tumblr_mnh2m1hnS81st5lhmo1_1280.jpg */ = {isa = PBXFileReference; lastKnownFileType = image.jpeg; path = tumblr_mnh2m1hnS81st5lhmo1_1280.jpg; sourceTree = "<group>"; };
		83693FF81864CED500704A3F /* tumblr_mnh17lfd9R1st5lhmo1_1280.jpg */ = {isa = PBXFileReference; lastKnownFileType = image.jpeg; path = tumblr_mnh17lfd9R1st5lhmo1_1280.jpg; sourceTree = "<group>"; };
		83693FF91864CED500704A3F /* tumblr_mnh25vNOvI1st5lhmo1_1280.jpg */ = {isa = PBXFileReference; lastKnownFileType = image.jpeg; path = tumblr_mnh25vNOvI1st5lhmo1_1280.jpg; sourceTree = "<group>"; };
		83693FFA1864CED500704A3F /* tumblr_mnh29fxz111st5lhmo1_1280.jpg */ = {isa = PBXFileReference; lastKnownFileType = image.jpeg; path = tumblr_mnh29fxz111st5lhmo1_1280.jpg; sourceTree = "<group>"; };
		83693FFB1864CED500704A3F /* tumblr_mnh121HEWa1st5lhmo1_1280.jpg */ = {isa = PBXFileReference; lastKnownFileType = image.jpeg; path = tumblr_mnh121HEWa1st5lhmo1_1280.jpg; sourceTree = "<group>"; };
		83693FFC1864CED500704A3F /* tumblr_mo1h6tGOZf1st5lhmo1_1280.jpg */ = {isa = PBXFileReference; lastKnownFileType = image.jpeg; path = tumblr_mo1h6tGOZf1st5lhmo1_1280.jpg; sourceTree = "<group>"; };
		83693FFD1864CED500704A3F /* tumblr_mo2wz2LTCs1st5lhmo1_1280.jpg */ = {isa = PBXFileReference; lastKnownFileType = image.jpeg; path = tumblr_mo2wz2LTCs1st5lhmo1_1280.jpg; sourceTree = "<group>"; };
		83693FFE1864CED500704A3F /* tumblr_mo2x3aAnRH1st5lhmo1_1280.jpg */ = {isa = PBXFileReference; lastKnownFileType = image.jpeg; path = tumblr_mo2x3aAnRH1st5lhmo1_1280.jpg; sourceTree = "<group>"; };
		83693FFF1864CED500704A3F /* tumblr_mo2x9xqeef1st5lhmo1_1280.jpg */ = {isa = PBXFileReference; lastKnownFileType = image.jpeg; path = tumblr_mo2x9xqeef1st5lhmo1_1280.jpg; sourceTree = "<group>"; };
		836940001864CED500704A3F /* tumblr_mo2x80NkDu1st5lhmo1_1280.jpg */ = {isa = PBXFileReference; lastKnownFileType = image.jpeg; path = tumblr_mo2x80NkDu1st5lhmo1_1280.jpg; sourceTree = "<group>"; };
		836940011864CED500704A3F /* tumblr_mo2xbk8JUK1st5lhmo1_1280.jpg */ = {isa = PBXFileReference; lastKnownFileType = image.jpeg; path = tumblr_mo2xbk8JUK1st5lhmo1_1280.jpg; sourceTree = "<group>"; };
		836940021864CED500704A3F /* tumblr_mo2xdqmle51st5lhmo1_1280.jpg */ = {isa = PBXFileReference; lastKnownFileType = image.jpeg; path = tumblr_mo2xdqmle51st5lhmo1_1280.jpg; sourceTree = "<group>"; };
		836940031864CED500704A3F /* tumblr_mo2xfarCvW1st5lhmo1_1280.jpg */ = {isa = PBXFileReference; lastKnownFileType = image.jpeg; path = tumblr_mo2xfarCvW1st5lhmo1_1280.jpg; sourceTree = "<group>"; };
		836940041864CED500704A3F /* tumblr_mo2xgqdEFn1st5lhmo1_1280.jpg */ = {isa = PBXFileReference; lastKnownFileType = image.jpeg; path = tumblr_mo2xgqdEFn1st5lhmo1_1280.jpg; sourceTree = "<group>"; };
		836940051864CED500704A3F /* tumblr_mo2xijE2nr1st5lhmo1_1280.jpg */ = {isa = PBXFileReference; lastKnownFileType = image.jpeg; path = tumblr_mo2xijE2nr1st5lhmo1_1280.jpg; sourceTree = "<group>"; };
		836940061864CED500704A3F /* tumblr_mopq4kHmAg1st5lhmo1_1280.jpg */ = {isa = PBXFileReference; lastKnownFileType = image.jpeg; path = tumblr_mopq4kHmAg1st5lhmo1_1280.jpg; sourceTree = "<group>"; };
		836940071864CED500704A3F /* tumblr_mopq8fyQwI1st5lhmo1_1280.jpg */ = {isa = PBXFileReference; lastKnownFileType = image.jpeg; path = tumblr_mopq8fyQwI1st5lhmo1_1280.jpg; sourceTree = "<group>"; };
		836940081864CED500704A3F /* tumblr_mopq69jlcS1st5lhmo1_1280.jpg */ = {isa = PBXFileReference; lastKnownFileType = image.jpeg; path = tumblr_mopq69jlcS1st5lhmo1_1280.jpg; sourceTree = "<group>"; };
		836940091864CED500704A3F /* tumblr_mopqamedKu1st5lhmo1_1280.jpg */ = {isa = PBXFileReference; lastKnownFileType = image.jpeg; path = tumblr_mopqamedKu1st5lhmo1_1280.jpg; sourceTree = "<group>"; };
		8369400A1864CED500704A3F /* tumblr_mopqc3ZZcz1st5lhmo1_1280.jpg */ = {isa = PBXFileReference; lastKnownFileType = image.jpeg; path = tumblr_mopqc3ZZcz1st5lhmo1_1280.jpg; sourceTree = "<group>"; };
		8369400B1864CED500704A3F /* tumblr_mopqdfx05t1st5lhmo1_1280.jpg */ = {isa = PBXFileReference; lastKnownFileType = image.jpeg; path = tumblr_mopqdfx05t1st5lhmo1_1280.jpg; sourceTree = "<group>"; };
		8369400C1864CED500704A3F /* tumblr_mopqfpSTPN1st5lhmo1_1280.jpg */ = {isa = PBXFileReference; lastKnownFileType = image.jpeg; path = tumblr_mopqfpSTPN1st5lhmo1_1280.jpg; sourceTree = "<group>"; };
		8369400D1864CED500704A3F /* tumblr_mopqhxFulr1st5lhmo1_1280.jpg */ = {isa = PBXFileReference; lastKnownFileType = image.jpeg; path = tumblr_mopqhxFulr1st5lhmo1_1280.jpg; sourceTree = "<group>"; };
		8369400E1864CED500704A3F /* tumblr_mopqj9QUeq1st5lhmo1_1280.jpg */ = {isa = PBXFileReference; lastKnownFileType = image.jpeg; path = tumblr_mopqj9QUeq1st5lhmo1_1280.jpg; sourceTree = "<group>"; };
		8369400F1864CED500704A3F /* tumblr_mopqkkwK2M1st5lhmo1_1280.jpg */ = {isa = PBXFileReference; lastKnownFileType = image.jpeg; path = tumblr_mopqkkwK2M1st5lhmo1_1280.jpg; sourceTree = "<group>"; };
		836940101864CED500704A3F /* tumblr_mp6ryedHF91st5lhmo1_1280.jpg */ = {isa = PBXFileReference; lastKnownFileType = image.jpeg; path = tumblr_mp6ryedHF91st5lhmo1_1280.jpg; sourceTree = "<group>"; };
		836940111864CED500704A3F /* tumblr_mp6rzyNlAN1st5lhmo1_1280.jpg */ = {isa = PBXFileReference; lastKnownFileType = image.jpeg; path = tumblr_mp6rzyNlAN1st5lhmo1_1280.jpg; sourceTree = "<group>"; };
		836940121864CED500704A3F /* tumblr_mp6s1hAudo1st5lhmo1_1280.jpg */ = {isa = PBXFileReference; lastKnownFileType = image.jpeg; path = tumblr_mp6s1hAudo1st5lhmo1_1280.jpg; sourceTree = "<group>"; };
		836940131864CED500704A3F /* tumblr_mp6s4dzqHA1st5lhmo1_1280.jpg */ = {isa = PBXFileReference; lastKnownFileType = image.jpeg; path = tumblr_mp6s4dzqHA1st5lhmo1_1280.jpg; sourceTree = "<group>"; };
		836940141864CED500704A3F /* tumblr_mp6s7lR1lS1st5lhmo1_1280.jpg */ = {isa = PBXFileReference; lastKnownFileType = image.jpeg; path = tumblr_mp6s7lR1lS1st5lhmo1_1280.jpg; sourceTree = "<group>"; };
		836940151864CED500704A3F /* tumblr_mp6s32zb6l1st5lhmo1_1280.jpg */ = {isa = PBXFileReference; lastKnownFileType = image.jpeg; path = tumblr_mp6s32zb6l1st5lhmo1_1280.jpg; sourceTree = "<group>"; };
		836940161864CED500704A3F /* tumblr_mp6s661UgK1st5lhmo1_1280.jpg */ = {isa = PBXFileReference; lastKnownFileType = image.jpeg; path = tumblr_mp6s661UgK1st5lhmo1_1280.jpg; sourceTree = "<group>"; };
		836940171864CED500704A3F /* tumblr_mp6s995bvI1st5lhmo1_1280.jpg */ = {isa = PBXFileReference; lastKnownFileType = image.jpeg; path = tumblr_mp6s995bvI1st5lhmo1_1280.jpg; sourceTree = "<group>"; };
		836940181864CED500704A3F /* tumblr_mp6sasSvPZ1st5lhmo1_1280.jpg */ = {isa = PBXFileReference; lastKnownFileType = image.jpeg; path = tumblr_mp6sasSvPZ1st5lhmo1_1280.jpg; sourceTree = "<group>"; };
		836940191864CED500704A3F /* tumblr_mp6scv2xrZ1st5lhmo1_1280.jpg */ = {isa = PBXFileReference; lastKnownFileType = image.jpeg; path = tumblr_mp6scv2xrZ1st5lhmo1_1280.jpg; sourceTree = "<group>"; };
		8369401A1864CED500704A3F /* tumblr_mpp6adioyB1st5lhmo1_1280.jpg */ = {isa = PBXFileReference; lastKnownFileType = image.jpeg; path = tumblr_mpp6adioyB1st5lhmo1_1280.jpg; sourceTree = "<group>"; };
		8369401B1864CED500704A3F /* tumblr_mpp6f50W261st5lhmo1_1280.jpg */ = {isa = PBXFileReference; lastKnownFileType = image.jpeg; path = tumblr_mpp6f50W261st5lhmo1_1280.jpg; sourceTree = "<group>"; };
		8369401C1864CED500704A3F /* tumblr_mpp6gwrYvm1st5lhmo1_1280.jpg */ = {isa = PBXFileReference; lastKnownFileType = image.jpeg; path = tumblr_mpp6gwrYvm1st5lhmo1_1280.jpg; sourceTree = "<group>"; };
		8369401D1864CED500704A3F /* tumblr_mpp6jgOer51st5lhmo1_1280.jpg */ = {isa = PBXFileReference; lastKnownFileType = image.jpeg; path = tumblr_mpp6jgOer51st5lhmo1_1280.jpg; sourceTree = "<group>"; };
		8369401E1864CED500704A3F /* tumblr_mpp6l06zXi1st5lhmo1_1280.jpg */ = {isa = PBXFileReference; lastKnownFileType = image.jpeg; path = tumblr_mpp6l06zXi1st5lhmo1_1280.jpg; sourceTree = "<group>"; };
		8369401F1864CED500704A3F /* tumblr_mpp6mqgvVh1st5lhmo1_1280.jpg */ = {isa = PBXFileReference; lastKnownFileType = image.jpeg; path = tumblr_mpp6mqgvVh1st5lhmo1_1280.jpg; sourceTree = "<group>"; };
		836940201864CED500704A3F /* tumblr_mpp6oaFvzX1st5lhmo1_1280.jpg */ = {isa = PBXFileReference; lastKnownFileType = image.jpeg; path = tumblr_mpp6oaFvzX1st5lhmo1_1280.jpg; sourceTree = "<group>"; };
		836940211864CED500704A3F /* tumblr_mpp6poZxE51st5lhmo1_1280.jpg */ = {isa = PBXFileReference; lastKnownFileType = image.jpeg; path = tumblr_mpp6poZxE51st5lhmo1_1280.jpg; sourceTree = "<group>"; };
		836940221864CED500704A3F /* tumblr_mpp6tjdFhf1st5lhmo1_1280.jpg */ = {isa = PBXFileReference; lastKnownFileType = image.jpeg; path = tumblr_mpp6tjdFhf1st5lhmo1_1280.jpg; sourceTree = "<group>"; };
		836940231864CED500704A3F /* tumblr_mpp6w0dxAm1st5lhmo1_1280.jpg */ = {isa = PBXFileReference; lastKnownFileType = image.jpeg; path = tumblr_mpp6w0dxAm1st5lhmo1_1280.jpg; sourceTree = "<group>"; };
		836940241864CED500704A3F /* tumblr_mq7alrPTDm1st5lhmo1_1280.jpg */ = {isa = PBXFileReference; lastKnownFileType = image.jpeg; path = tumblr_mq7alrPTDm1st5lhmo1_1280.jpg; sourceTree = "<group>"; };
		836940251864CED500704A3F /* tumblr_mq7anbQsfQ1st5lhmo1_1280.jpg */ = {isa = PBXFileReference; lastKnownFileType = image.jpeg; path = tumblr_mq7anbQsfQ1st5lhmo1_1280.jpg; sourceTree = "<group>"; };
		836940261864CED500704A3F /* tumblr_mq7aoklQGc1st5lhmo1_1280.jpg */ = {isa = PBXFileReference; lastKnownFileType = image.jpeg; path = tumblr_mq7aoklQGc1st5lhmo1_1280.jpg; sourceTree = "<group>"; };
		836940271864CED500704A3F /* tumblr_mq7aptrk1n1st5lhmo1_1280.jpg */ = {isa = PBXFileReference; lastKnownFileType = image.jpeg; path = tumblr_mq7aptrk1n1st5lhmo1_1280.jpg; sourceTree = "<group>"; };
		836940281864CED500704A3F /* tumblr_mq7ar9reMm1st5lhmo1_1280.jpg */ = {isa = PBXFileReference; lastKnownFileType = image.jpeg; path = tumblr_mq7ar9reMm1st5lhmo1_1280.jpg; sourceTree = "<group>"; };
		836940291864CED500704A3F /* tumblr_mq7at6uz641st5lhmo1_1280.jpg */ = {isa = PBXFileReference; lastKnownFileType = image.jpeg; path = tumblr_mq7at6uz641st5lhmo1_1280.jpg; sourceTree = "<group>"; };
		8369402A1864CED500704A3F /* tumblr_mq7bnogm3e1st5lhmo1_1280.jpg */ = {isa = PBXFileReference; lastKnownFileType = image.jpeg; path = tumblr_mq7bnogm3e1st5lhmo1_1280.jpg; sourceTree = "<group>"; };
		8369402B1864CED500704A3F /* tumblr_mq7ejb3POL1st5lhmo1_1280.jpg */ = {isa = PBXFileReference; lastKnownFileType = image.jpeg; path = tumblr_mq7ejb3POL1st5lhmo1_1280.jpg; sourceTree = "<group>"; };
		8369402C1864CED500704A3F /* tumblr_mq7emjlEUK1st5lhmo1_1280.jpg */ = {isa = PBXFileReference; lastKnownFileType = image.jpeg; path = tumblr_mq7emjlEUK1st5lhmo1_1280.jpg; sourceTree = "<group>"; };
		8369402D1864CED500704A3F /* tumblr_mq7ensU4u81st5lhmo1_1280.jpg */ = {isa = PBXFileReference; lastKnownFileType = image.jpeg; path = tumblr_mq7ensU4u81st5lhmo1_1280.jpg; sourceTree = "<group>"; };
		8369402E1864CED500704A3F /* tumblr_mqq4afNjDp1st5lhmo1_1280.jpg */ = {isa = PBXFileReference; lastKnownFileType = image.jpeg; path = tumblr_mqq4afNjDp1st5lhmo1_1280.jpg; sourceTree = "<group>"; };
		8369402F1864CED500704A3F /* tumblr_mqq4bwAxVR1st5lhmo1_1280.jpg */ = {isa = PBXFileReference; lastKnownFileType = image.jpeg; path = tumblr_mqq4bwAxVR1st5lhmo1_1280.jpg; sourceTree = "<group>"; };
		836940301864CED500704A3F /* tumblr_mqq4d9GIwL1st5lhmo1_1280.jpg */ = {isa = PBXFileReference; lastKnownFileType = image.jpeg; path = tumblr_mqq4d9GIwL1st5lhmo1_1280.jpg; sourceTree = "<group>"; };
		836940311864CED500704A3F /* tumblr_mqq4hdACzf1st5lhmo1_1280.jpg */ = {isa = PBXFileReference; lastKnownFileType = image.jpeg; path = tumblr_mqq4hdACzf1st5lhmo1_1280.jpg; sourceTree = "<group>"; };
		836940321864CED500704A3F /* tumblr_mqq4ivpL641st5lhmo1_1280.jpg */ = {isa = PBXFileReference; lastKnownFileType = image.jpeg; path = tumblr_mqq4ivpL641st5lhmo1_1280.jpg; sourceTree = "<group>"; };
		836940331864CED500704A3F /* tumblr_mqq4l2H3Fh1st5lhmo1_1280.jpg */ = {isa = PBXFileReference; lastKnownFileType = image.jpeg; path = tumblr_mqq4l2H3Fh1st5lhmo1_1280.jpg; sourceTree = "<group>"; };
		836940341864CED500704A3F /* tumblr_mqq4ml5ChT1st5lhmo1_1280.jpg */ = {isa = PBXFileReference; lastKnownFileType = image.jpeg; path = tumblr_mqq4ml5ChT1st5lhmo1_1280.jpg; sourceTree = "<group>"; };
		836940351864CED500704A3F /* tumblr_mqq4o2MVXD1st5lhmo1_1280.jpg */ = {isa = PBXFileReference; lastKnownFileType = image.jpeg; path = tumblr_mqq4o2MVXD1st5lhmo1_1280.jpg; sourceTree = "<group>"; };
		836940361864CED500704A3F /* tumblr_mqq46zFcv11st5lhmo1_1280.jpg */ = {isa = PBXFileReference; lastKnownFileType = image.jpeg; path = tumblr_mqq46zFcv11st5lhmo1_1280.jpg; sourceTree = "<group>"; };
		836940371864CED500704A3F /* tumblr_mqq48zRR9x1st5lhmo1_1280.jpg */ = {isa = PBXFileReference; lastKnownFileType = image.jpeg; path = tumblr_mqq48zRR9x1st5lhmo1_1280.jpg; sourceTree = "<group>"; };
		836940381864CED500704A3F /* tumblr_mr80a1mhlR1st5lhmo1_1280.jpg */ = {isa = PBXFileReference; lastKnownFileType = image.jpeg; path = tumblr_mr80a1mhlR1st5lhmo1_1280.jpg; sourceTree = "<group>"; };
		836940391864CED500704A3F /* tumblr_mr80c9Mbkt1st5lhmo1_1280.jpg */ = {isa = PBXFileReference; lastKnownFileType = image.jpeg; path = tumblr_mr80c9Mbkt1st5lhmo1_1280.jpg; sourceTree = "<group>"; };
		8369403A1864CED500704A3F /* tumblr_mr80f71qQe1st5lhmo1_1280.jpg */ = {isa = PBXFileReference; lastKnownFileType = image.jpeg; path = tumblr_mr80f71qQe1st5lhmo1_1280.jpg; sourceTree = "<group>"; };
		8369403B1864CED500704A3F /* tumblr_mr80i7wt171st5lhmo1_1280.jpg */ = {isa = PBXFileReference; lastKnownFileType = image.jpeg; path = tumblr_mr80i7wt171st5lhmo1_1280.jpg; sourceTree = "<group>"; };
		8369403C1864CED500704A3F /* tumblr_mr80knfGwL1st5lhmo1_1280.jpg */ = {isa = PBXFileReference; lastKnownFileType = image.jpeg; path = tumblr_mr80knfGwL1st5lhmo1_1280.jpg; sourceTree = "<group>"; };
		8369403D1864CED500704A3F /* tumblr_mr80mqGZC31st5lhmo1_1280.jpg */ = {isa = PBXFileReference; lastKnownFileType = image.jpeg; path = tumblr_mr80mqGZC31st5lhmo1_1280.jpg; sourceTree = "<group>"; };
		8369403E1864CED500704A3F /* tumblr_mr80okcWTk1st5lhmo1_1280.jpg */ = {isa = PBXFileReference; lastKnownFileType = image.jpeg; path = tumblr_mr80okcWTk1st5lhmo1_1280.jpg; sourceTree = "<group>"; };
		8369403F1864CED500704A3F /* tumblr_mr80qcdlpR1st5lhmo1_1280.jpg */ = {isa = PBXFileReference; lastKnownFileType = image.jpeg; path = tumblr_mr80qcdlpR1st5lhmo1_1280.jpg; sourceTree = "<group>"; };
		836940401864CED500704A3F /* tumblr_mr80snx79b1st5lhmo1_1280.jpg */ = {isa = PBXFileReference; lastKnownFileType = image.jpeg; path = tumblr_mr80snx79b1st5lhmo1_1280.jpg; sourceTree = "<group>"; };
		836940411864CED500704A3F /* tumblr_mr807bH7hh1st5lhmo1_1280.jpg */ = {isa = PBXFileReference; lastKnownFileType = image.jpeg; path = tumblr_mr807bH7hh1st5lhmo1_1280.jpg; sourceTree = "<group>"; };
/* End PBXFileReference section */

/* Begin PBXFrameworksBuildPhase section */
		83693FB31864CE3900704A3F /* Frameworks */ = {
			isa = PBXFrameworksBuildPhase;
			buildActionMask = 2147483647;
			files = (
				83693FBC1864CE3900704A3F /* CoreGraphics.framework in Frameworks */,
				83693FBE1864CE3900704A3F /* UIKit.framework in Frameworks */,
				83693FBA1864CE3900704A3F /* Foundation.framework in Frameworks */,
			);
			runOnlyForDeploymentPostprocessing = 0;
		};
		83693FD71864CE3900704A3F /* Frameworks */ = {
			isa = PBXFrameworksBuildPhase;
			buildActionMask = 2147483647;
			files = (
				83693FDC1864CE3900704A3F /* XCTest.framework in Frameworks */,
				83693FDE1864CE3900704A3F /* UIKit.framework in Frameworks */,
				83693FDD1864CE3900704A3F /* Foundation.framework in Frameworks */,
			);
			runOnlyForDeploymentPostprocessing = 0;
		};
/* End PBXFrameworksBuildPhase section */

/* Begin PBXGroup section */
		83693FAD1864CE3900704A3F = {
			isa = PBXGroup;
			children = (
				83693FBF1864CE3900704A3F /* Crusher IO Test */,
				83693FE11864CE3900704A3F /* Crusher IO TestTests */,
				83693FB81864CE3900704A3F /* Frameworks */,
				83693FB71864CE3900704A3F /* Products */,
			);
			sourceTree = "<group>";
		};
		83693FB71864CE3900704A3F /* Products */ = {
			isa = PBXGroup;
			children = (
				83693FB61864CE3900704A3F /* Crusher IO Test.app */,
				83693FDA1864CE3900704A3F /* Crusher IO TestTests.xctest */,
			);
			name = Products;
			sourceTree = "<group>";
		};
		83693FB81864CE3900704A3F /* Frameworks */ = {
			isa = PBXGroup;
			children = (
				83693FB91864CE3900704A3F /* Foundation.framework */,
				83693FBB1864CE3900704A3F /* CoreGraphics.framework */,
				83693FBD1864CE3900704A3F /* UIKit.framework */,
				83693FDB1864CE3900704A3F /* XCTest.framework */,
			);
			name = Frameworks;
			sourceTree = "<group>";
		};
		83693FBF1864CE3900704A3F /* Crusher IO Test */ = {
			isa = PBXGroup;
			children = (
				83693FF11864CECB00704A3F /* images */,
				83693FC81864CE3900704A3F /* APAppDelegate.h */,
				83693FC91864CE3900704A3F /* APAppDelegate.m */,
				83693FCB1864CE3900704A3F /* Main_iPhone.storyboard */,
				83693FCE1864CE3900704A3F /* Main_iPad.storyboard */,
				83693FD11864CE3900704A3F /* APViewController.h */,
				83693FD21864CE3900704A3F /* APViewController.m */,
				83693FD41864CE3900704A3F /* Images.xcassets */,
				83693FC01864CE3900704A3F /* Supporting Files */,
			);
			path = "Crusher IO Test";
			sourceTree = "<group>";
		};
		83693FC01864CE3900704A3F /* Supporting Files */ = {
			isa = PBXGroup;
			children = (
				83693FC11864CE3900704A3F /* Crusher IO Test-Info.plist */,
				83693FC21864CE3900704A3F /* InfoPlist.strings */,
				83693FC51864CE3900704A3F /* main.m */,
				83693FC71864CE3900704A3F /* Crusher IO Test-Prefix.pch */,
			);
			name = "Supporting Files";
			sourceTree = "<group>";
		};
		83693FE11864CE3900704A3F /* Crusher IO TestTests */ = {
			isa = PBXGroup;
			children = (
				83693FE71864CE3900704A3F /* Crusher_IO_TestTests.m */,
				83693FE21864CE3900704A3F /* Supporting Files */,
			);
			path = "Crusher IO TestTests";
			sourceTree = "<group>";
		};
		83693FE21864CE3900704A3F /* Supporting Files */ = {
			isa = PBXGroup;
			children = (
				83693FE31864CE3900704A3F /* Crusher IO TestTests-Info.plist */,
				83693FE41864CE3900704A3F /* InfoPlist.strings */,
			);
			name = "Supporting Files";
			sourceTree = "<group>";
		};
		83693FF11864CECB00704A3F /* images */ = {
			isa = PBXGroup;
			children = (
				83693FF21864CED500704A3F /* tumblr_mnh0n9pHJW1st5lhmo1_1280.jpg */,
				83693FF31864CED500704A3F /* tumblr_mnh0uemhCk1st5lhmo1_1280.jpg */,
				83693FF41864CED500704A3F /* tumblr_mnh1d7s3UD1st5lhmo1_1280.jpg */,
				83693FF51864CED500704A3F /* tumblr_mnh1jdFvHR1st5lhmo1_1280.jpg */,
				83693FF61864CED500704A3F /* tumblr_mnh1uhYnog1st5lhmo1_1280.jpg */,
				83693FF71864CED500704A3F /* tumblr_mnh2m1hnS81st5lhmo1_1280.jpg */,
				83693FF81864CED500704A3F /* tumblr_mnh17lfd9R1st5lhmo1_1280.jpg */,
				83693FF91864CED500704A3F /* tumblr_mnh25vNOvI1st5lhmo1_1280.jpg */,
				83693FFA1864CED500704A3F /* tumblr_mnh29fxz111st5lhmo1_1280.jpg */,
				83693FFB1864CED500704A3F /* tumblr_mnh121HEWa1st5lhmo1_1280.jpg */,
				83693FFC1864CED500704A3F /* tumblr_mo1h6tGOZf1st5lhmo1_1280.jpg */,
				83693FFD1864CED500704A3F /* tumblr_mo2wz2LTCs1st5lhmo1_1280.jpg */,
				83693FFE1864CED500704A3F /* tumblr_mo2x3aAnRH1st5lhmo1_1280.jpg */,
				83693FFF1864CED500704A3F /* tumblr_mo2x9xqeef1st5lhmo1_1280.jpg */,
				836940001864CED500704A3F /* tumblr_mo2x80NkDu1st5lhmo1_1280.jpg */,
				836940011864CED500704A3F /* tumblr_mo2xbk8JUK1st5lhmo1_1280.jpg */,
				836940021864CED500704A3F /* tumblr_mo2xdqmle51st5lhmo1_1280.jpg */,
				836940031864CED500704A3F /* tumblr_mo2xfarCvW1st5lhmo1_1280.jpg */,
				836940041864CED500704A3F /* tumblr_mo2xgqdEFn1st5lhmo1_1280.jpg */,
				836940051864CED500704A3F /* tumblr_mo2xijE2nr1st5lhmo1_1280.jpg */,
				836940061864CED500704A3F /* tumblr_mopq4kHmAg1st5lhmo1_1280.jpg */,
				836940071864CED500704A3F /* tumblr_mopq8fyQwI1st5lhmo1_1280.jpg */,
				836940081864CED500704A3F /* tumblr_mopq69jlcS1st5lhmo1_1280.jpg */,
				836940091864CED500704A3F /* tumblr_mopqamedKu1st5lhmo1_1280.jpg */,
				8369400A1864CED500704A3F /* tumblr_mopqc3ZZcz1st5lhmo1_1280.jpg */,
				8369400B1864CED500704A3F /* tumblr_mopqdfx05t1st5lhmo1_1280.jpg */,
				8369400C1864CED500704A3F /* tumblr_mopqfpSTPN1st5lhmo1_1280.jpg */,
				8369400D1864CED500704A3F /* tumblr_mopqhxFulr1st5lhmo1_1280.jpg */,
				8369400E1864CED500704A3F /* tumblr_mopqj9QUeq1st5lhmo1_1280.jpg */,
				8369400F1864CED500704A3F /* tumblr_mopqkkwK2M1st5lhmo1_1280.jpg */,
				836940101864CED500704A3F /* tumblr_mp6ryedHF91st5lhmo1_1280.jpg */,
				836940111864CED500704A3F /* tumblr_mp6rzyNlAN1st5lhmo1_1280.jpg */,
				836940121864CED500704A3F /* tumblr_mp6s1hAudo1st5lhmo1_1280.jpg */,
				836940131864CED500704A3F /* tumblr_mp6s4dzqHA1st5lhmo1_1280.jpg */,
				836940141864CED500704A3F /* tumblr_mp6s7lR1lS1st5lhmo1_1280.jpg */,
				836940151864CED500704A3F /* tumblr_mp6s32zb6l1st5lhmo1_1280.jpg */,
				836940161864CED500704A3F /* tumblr_mp6s661UgK1st5lhmo1_1280.jpg */,
				836940171864CED500704A3F /* tumblr_mp6s995bvI1st5lhmo1_1280.jpg */,
				836940181864CED500704A3F /* tumblr_mp6sasSvPZ1st5lhmo1_1280.jpg */,
				836940191864CED500704A3F /* tumblr_mp6scv2xrZ1st5lhmo1_1280.jpg */,
				8369401A1864CED500704A3F /* tumblr_mpp6adioyB1st5lhmo1_1280.jpg */,
				8369401B1864CED500704A3F /* tumblr_mpp6f50W261st5lhmo1_1280.jpg */,
				8369401C1864CED500704A3F /* tumblr_mpp6gwrYvm1st5lhmo1_1280.jpg */,
				8369401D1864CED500704A3F /* tumblr_mpp6jgOer51st5lhmo1_1280.jpg */,
				8369401E1864CED500704A3F /* tumblr_mpp6l06zXi1st5lhmo1_1280.jpg */,
				8369401F1864CED500704A3F /* tumblr_mpp6mqgvVh1st5lhmo1_1280.jpg */,
				836940201864CED500704A3F /* tumblr_mpp6oaFvzX1st5lhmo1_1280.jpg */,
				836940211864CED500704A3F /* tumblr_mpp6poZxE51st5lhmo1_1280.jpg */,
				836940221864CED500704A3F /* tumblr_mpp6tjdFhf1st5lhmo1_1280.jpg */,
				836940231864CED500704A3F /* tumblr_mpp6w0dxAm1st5lhmo1_1280.jpg */,
				836940241864CED500704A3F /* tumblr_mq7alrPTDm1st5lhmo1_1280.jpg */,
				836940251864CED500704A3F /* tumblr_mq7anbQsfQ1st5lhmo1_1280.jpg */,
				836940261864CED500704A3F /* tumblr_mq7aoklQGc1st5lhmo1_1280.jpg */,
				836940271864CED500704A3F /* tumblr_mq7aptrk1n1st5lhmo1_1280.jpg */,
				836940281864CED500704A3F /* tumblr_mq7ar9reMm1st5lhmo1_1280.jpg */,
				836940291864CED500704A3F /* tumblr_mq7at6uz641st5lhmo1_1280.jpg */,
				8369402A1864CED500704A3F /* tumblr_mq7bnogm3e1st5lhmo1_1280.jpg */,
				8369402B1864CED500704A3F /* tumblr_mq7ejb3POL1st5lhmo1_1280.jpg */,
				8369402C1864CED500704A3F /* tumblr_mq7emjlEUK1st5lhmo1_1280.jpg */,
				8369402D1864CED500704A3F /* tumblr_mq7ensU4u81st5lhmo1_1280.jpg */,
				8369402E1864CED500704A3F /* tumblr_mqq4afNjDp1st5lhmo1_1280.jpg */,
				8369402F1864CED500704A3F /* tumblr_mqq4bwAxVR1st5lhmo1_1280.jpg */,
				836940301864CED500704A3F /* tumblr_mqq4d9GIwL1st5lhmo1_1280.jpg */,
				836940311864CED500704A3F /* tumblr_mqq4hdACzf1st5lhmo1_1280.jpg */,
				836940321864CED500704A3F /* tumblr_mqq4ivpL641st5lhmo1_1280.jpg */,
				836940331864CED500704A3F /* tumblr_mqq4l2H3Fh1st5lhmo1_1280.jpg */,
				836940341864CED500704A3F /* tumblr_mqq4ml5ChT1st5lhmo1_1280.jpg */,
				836940351864CED500704A3F /* tumblr_mqq4o2MVXD1st5lhmo1_1280.jpg */,
				836940361864CED500704A3F /* tumblr_mqq46zFcv11st5lhmo1_1280.jpg */,
				836940371864CED500704A3F /* tumblr_mqq48zRR9x1st5lhmo1_1280.jpg */,
				836940381864CED500704A3F /* tumblr_mr80a1mhlR1st5lhmo1_1280.jpg */,
				836940391864CED500704A3F /* tumblr_mr80c9Mbkt1st5lhmo1_1280.jpg */,
				8369403A1864CED500704A3F /* tumblr_mr80f71qQe1st5lhmo1_1280.jpg */,
				8369403B1864CED500704A3F /* tumblr_mr80i7wt171st5lhmo1_1280.jpg */,
				8369403C1864CED500704A3F /* tumblr_mr80knfGwL1st5lhmo1_1280.jpg */,
				8369403D1864CED500704A3F /* tumblr_mr80mqGZC31st5lhmo1_1280.jpg */,
				8369403E1864CED500704A3F /* tumblr_mr80okcWTk1st5lhmo1_1280.jpg */,
				8369403F1864CED500704A3F /* tumblr_mr80qcdlpR1st5lhmo1_1280.jpg */,
				836940401864CED500704A3F /* tumblr_mr80snx79b1st5lhmo1_1280.jpg */,
				836940411864CED500704A3F /* tumblr_mr807bH7hh1st5lhmo1_1280.jpg */,
			);
			name = images;
			sourceTree = "<group>";
		};
/* End PBXGroup section */

/* Begin PBXNativeTarget section */
		83693FB51864CE3900704A3F /* Crusher IO Test */ = {
			isa = PBXNativeTarget;
			buildConfigurationList = 83693FEB1864CE3900704A3F /* Build configuration list for PBXNativeTarget "Crusher IO Test" */;
			buildPhases = (
				83693FB21864CE3900704A3F /* Sources */,
				83693FB31864CE3900704A3F /* Frameworks */,
				83693FB41864CE3900704A3F /* Resources */,
			);
			buildRules = (
			);
			dependencies = (
			);
			name = "Crusher IO Test";
			productName = "Crusher IO Test";
			productReference = 83693FB61864CE3900704A3F /* Crusher IO Test.app */;
			productType = "com.apple.product-type.application";
		};
		83693FD91864CE3900704A3F /* Crusher IO TestTests */ = {
			isa = PBXNativeTarget;
			buildConfigurationList = 83693FEE1864CE3900704A3F /* Build configuration list for PBXNativeTarget "Crusher IO TestTests" */;
			buildPhases = (
				83693FD61864CE3900704A3F /* Sources */,
				83693FD71864CE3900704A3F /* Frameworks */,
				83693FD81864CE3900704A3F /* Resources */,
			);
			buildRules = (
			);
			dependencies = (
				83693FE01864CE3900704A3F /* PBXTargetDependency */,
			);
			name = "Crusher IO TestTests";
			productName = "Crusher IO TestTests";
			productReference = 83693FDA1864CE3900704A3F /* Crusher IO TestTests.xctest */;
			productType = "com.apple.product-type.bundle.unit-test";
		};
/* End PBXNativeTarget section */

/* Begin PBXProject section */
		83693FAE1864CE3900704A3F /* Project object */ = {
			isa = PBXProject;
			attributes = {
				CLASSPREFIX = AP;
				LastUpgradeCheck = 0500;
				ORGANIZATIONNAME = Apptitude;
				TargetAttributes = {
					83693FD91864CE3900704A3F = {
						TestTargetID = 83693FB51864CE3900704A3F;
					};
				};
			};
			buildConfigurationList = 83693FB11864CE3900704A3F /* Build configuration list for PBXProject "Crusher IO Test" */;
			compatibilityVersion = "Xcode 3.2";
			developmentRegion = English;
			hasScannedForEncodings = 0;
			knownRegions = (
				en,
				Base,
			);
			mainGroup = 83693FAD1864CE3900704A3F;
			productRefGroup = 83693FB71864CE3900704A3F /* Products */;
			projectDirPath = "";
			projectRoot = "";
			targets = (
				83693FB51864CE3900704A3F /* Crusher IO Test */,
				83693FD91864CE3900704A3F /* Crusher IO TestTests */,
			);
		};
/* End PBXProject section */

/* Begin PBXResourcesBuildPhase section */
		83693FB41864CE3900704A3F /* Resources */ = {
			isa = PBXResourcesBuildPhase;
			buildActionMask = 2147483647;
			files = (
				836940891864CED500704A3F /* tumblr_mr80c9Mbkt1st5lhmo1_1280.jpg in Resources */,
				836940751864CED500704A3F /* tumblr_mq7anbQsfQ1st5lhmo1_1280.jpg in Resources */,
				836940441864CED500704A3F /* tumblr_mnh1d7s3UD1st5lhmo1_1280.jpg in Resources */,
				836940761864CED500704A3F /* tumblr_mq7aoklQGc1st5lhmo1_1280.jpg in Resources */,
				836940731864CED500704A3F /* tumblr_mpp6w0dxAm1st5lhmo1_1280.jpg in Resources */,
				836940711864CED500704A3F /* tumblr_mpp6poZxE51st5lhmo1_1280.jpg in Resources */,
				836940471864CED500704A3F /* tumblr_mnh2m1hnS81st5lhmo1_1280.jpg in Resources */,
				8369406B1864CED500704A3F /* tumblr_mpp6f50W261st5lhmo1_1280.jpg in Resources */,
				836940581864CED500704A3F /* tumblr_mopq69jlcS1st5lhmo1_1280.jpg in Resources */,
				836940541864CED500704A3F /* tumblr_mo2xgqdEFn1st5lhmo1_1280.jpg in Resources */,
				836940771864CED500704A3F /* tumblr_mq7aptrk1n1st5lhmo1_1280.jpg in Resources */,
				836940851864CED500704A3F /* tumblr_mqq4o2MVXD1st5lhmo1_1280.jpg in Resources */,
				836940811864CED500704A3F /* tumblr_mqq4hdACzf1st5lhmo1_1280.jpg in Resources */,
				8369406E1864CED500704A3F /* tumblr_mpp6l06zXi1st5lhmo1_1280.jpg in Resources */,
				836940691864CED500704A3F /* tumblr_mp6scv2xrZ1st5lhmo1_1280.jpg in Resources */,
				836940481864CED500704A3F /* tumblr_mnh17lfd9R1st5lhmo1_1280.jpg in Resources */,
				836940461864CED500704A3F /* tumblr_mnh1uhYnog1st5lhmo1_1280.jpg in Resources */,
				8369408B1864CED500704A3F /* tumblr_mr80i7wt171st5lhmo1_1280.jpg in Resources */,
				836940521864CED500704A3F /* tumblr_mo2xdqmle51st5lhmo1_1280.jpg in Resources */,
				83693FD01864CE3900704A3F /* Main_iPad.storyboard in Resources */,
				8369407E1864CED500704A3F /* tumblr_mqq4afNjDp1st5lhmo1_1280.jpg in Resources */,
				836940431864CED500704A3F /* tumblr_mnh0uemhCk1st5lhmo1_1280.jpg in Resources */,
				836940631864CED500704A3F /* tumblr_mp6s4dzqHA1st5lhmo1_1280.jpg in Resources */,
				8369404D1864CED500704A3F /* tumblr_mo2wz2LTCs1st5lhmo1_1280.jpg in Resources */,
				836940601864CED500704A3F /* tumblr_mp6ryedHF91st5lhmo1_1280.jpg in Resources */,
				836940841864CED500704A3F /* tumblr_mqq4ml5ChT1st5lhmo1_1280.jpg in Resources */,
				836940911864CED500704A3F /* tumblr_mr807bH7hh1st5lhmo1_1280.jpg in Resources */,
				836940531864CED500704A3F /* tumblr_mo2xfarCvW1st5lhmo1_1280.jpg in Resources */,
				8369405E1864CED500704A3F /* tumblr_mopqj9QUeq1st5lhmo1_1280.jpg in Resources */,
				836940881864CED500704A3F /* tumblr_mr80a1mhlR1st5lhmo1_1280.jpg in Resources */,
				836940641864CED500704A3F /* tumblr_mp6s7lR1lS1st5lhmo1_1280.jpg in Resources */,
				836940591864CED500704A3F /* tumblr_mopqamedKu1st5lhmo1_1280.jpg in Resources */,
				8369404E1864CED500704A3F /* tumblr_mo2x3aAnRH1st5lhmo1_1280.jpg in Resources */,
				836940511864CED500704A3F /* tumblr_mo2xbk8JUK1st5lhmo1_1280.jpg in Resources */,
				836940661864CED500704A3F /* tumblr_mp6s661UgK1st5lhmo1_1280.jpg in Resources */,
				8369407B1864CED500704A3F /* tumblr_mq7ejb3POL1st5lhmo1_1280.jpg in Resources */,
				836940801864CED500704A3F /* tumblr_mqq4d9GIwL1st5lhmo1_1280.jpg in Resources */,
				83693FD51864CE3900704A3F /* Images.xcassets in Resources */,
				8369404F1864CED500704A3F /* tumblr_mo2x9xqeef1st5lhmo1_1280.jpg in Resources */,
				836940621864CED500704A3F /* tumblr_mp6s1hAudo1st5lhmo1_1280.jpg in Resources */,
				836940721864CED500704A3F /* tumblr_mpp6tjdFhf1st5lhmo1_1280.jpg in Resources */,
				8369404C1864CED500704A3F /* tumblr_mo1h6tGOZf1st5lhmo1_1280.jpg in Resources */,
				836940551864CED500704A3F /* tumblr_mo2xijE2nr1st5lhmo1_1280.jpg in Resources */,
				8369405C1864CED500704A3F /* tumblr_mopqfpSTPN1st5lhmo1_1280.jpg in Resources */,
				836940651864CED500704A3F /* tumblr_mp6s32zb6l1st5lhmo1_1280.jpg in Resources */,
				836940571864CED500704A3F /* tumblr_mopq8fyQwI1st5lhmo1_1280.jpg in Resources */,
				836940791864CED500704A3F /* tumblr_mq7at6uz641st5lhmo1_1280.jpg in Resources */,
				836940861864CED500704A3F /* tumblr_mqq46zFcv11st5lhmo1_1280.jpg in Resources */,
				836940421864CED500704A3F /* tumblr_mnh0n9pHJW1st5lhmo1_1280.jpg in Resources */,
				8369406F1864CED500704A3F /* tumblr_mpp6mqgvVh1st5lhmo1_1280.jpg in Resources */,
				83693FCD1864CE3900704A3F /* Main_iPhone.storyboard in Resources */,
				8369407F1864CED500704A3F /* tumblr_mqq4bwAxVR1st5lhmo1_1280.jpg in Resources */,
				8369405B1864CED500704A3F /* tumblr_mopqdfx05t1st5lhmo1_1280.jpg in Resources */,
				836940741864CED500704A3F /* tumblr_mq7alrPTDm1st5lhmo1_1280.jpg in Resources */,
				8369408E1864CED500704A3F /* tumblr_mr80okcWTk1st5lhmo1_1280.jpg in Resources */,
				836940561864CED500704A3F /* tumblr_mopq4kHmAg1st5lhmo1_1280.jpg in Resources */,
				836940701864CED500704A3F /* tumblr_mpp6oaFvzX1st5lhmo1_1280.jpg in Resources */,
				8369405F1864CED500704A3F /* tumblr_mopqkkwK2M1st5lhmo1_1280.jpg in Resources */,
				8369405A1864CED500704A3F /* tumblr_mopqc3ZZcz1st5lhmo1_1280.jpg in Resources */,
				836940611864CED500704A3F /* tumblr_mp6rzyNlAN1st5lhmo1_1280.jpg in Resources */,
				8369407D1864CED500704A3F /* tumblr_mq7ensU4u81st5lhmo1_1280.jpg in Resources */,
				83693FC41864CE3900704A3F /* InfoPlist.strings in Resources */,
				8369407C1864CED500704A3F /* tumblr_mq7emjlEUK1st5lhmo1_1280.jpg in Resources */,
				8369406A1864CED500704A3F /* tumblr_mpp6adioyB1st5lhmo1_1280.jpg in Resources */,
				8369408C1864CED500704A3F /* tumblr_mr80knfGwL1st5lhmo1_1280.jpg in Resources */,
				8369408F1864CED500704A3F /* tumblr_mr80qcdlpR1st5lhmo1_1280.jpg in Resources */,
				8369408A1864CED500704A3F /* tumblr_mr80f71qQe1st5lhmo1_1280.jpg in Resources */,
				836940871864CED500704A3F /* tumblr_mqq48zRR9x1st5lhmo1_1280.jpg in Resources */,
				8369404A1864CED500704A3F /* tumblr_mnh29fxz111st5lhmo1_1280.jpg in Resources */,
				836940451864CED500704A3F /* tumblr_mnh1jdFvHR1st5lhmo1_1280.jpg in Resources */,
				8369408D1864CED500704A3F /* tumblr_mr80mqGZC31st5lhmo1_1280.jpg in Resources */,
				8369406C1864CED500704A3F /* tumblr_mpp6gwrYvm1st5lhmo1_1280.jpg in Resources */,
				836940681864CED500704A3F /* tumblr_mp6sasSvPZ1st5lhmo1_1280.jpg in Resources */,
				836940491864CED500704A3F /* tumblr_mnh25vNOvI1st5lhmo1_1280.jpg in Resources */,
				836940831864CED500704A3F /* tumblr_mqq4l2H3Fh1st5lhmo1_1280.jpg in Resources */,
				836940821864CED500704A3F /* tumblr_mqq4ivpL641st5lhmo1_1280.jpg in Resources */,
				8369405D1864CED500704A3F /* tumblr_mopqhxFulr1st5lhmo1_1280.jpg in Resources */,
				836940671864CED500704A3F /* tumblr_mp6s995bvI1st5lhmo1_1280.jpg in Resources */,
				836940501864CED500704A3F /* tumblr_mo2x80NkDu1st5lhmo1_1280.jpg in Resources */,
				8369407A1864CED500704A3F /* tumblr_mq7bnogm3e1st5lhmo1_1280.jpg in Resources */,
				8369406D1864CED500704A3F /* tumblr_mpp6jgOer51st5lhmo1_1280.jpg in Resources */,
				8369404B1864CED500704A3F /* tumblr_mnh121HEWa1st5lhmo1_1280.jpg in Resources */,
				836940781864CED500704A3F /* tumblr_mq7ar9reMm1st5lhmo1_1280.jpg in Resources */,
				836940901864CED500704A3F /* tumblr_mr80snx79b1st5lhmo1_1280.jpg in Resources */,
			);
			runOnlyForDeploymentPostprocessing = 0;
		};
		83693FD81864CE3900704A3F /* Resources */ = {
			isa = PBXResourcesBuildPhase;
			buildActionMask = 2147483647;
			files = (
				83693FE61864CE3900704A3F /* InfoPlist.strings in Resources */,
			);
			runOnlyForDeploymentPostprocessing = 0;
		};
/* End PBXResourcesBuildPhase section */

/* Begin PBXSourcesBuildPhase section */
		83693FB21864CE3900704A3F /* Sources */ = {
			isa = PBXSourcesBuildPhase;
			buildActionMask = 2147483647;
			files = (
				83693FC61864CE3900704A3F /* main.m in Sources */,
				83693FD31864CE3900704A3F /* APViewController.m in Sources */,
				83693FCA1864CE3900704A3F /* APAppDelegate.m in Sources */,
			);
			runOnlyForDeploymentPostprocessing = 0;
		};
		83693FD61864CE3900704A3F /* Sources */ = {
			isa = PBXSourcesBuildPhase;
			buildActionMask = 2147483647;
			files = (
				83693FE81864CE3900704A3F /* Crusher_IO_TestTests.m in Sources */,
			);
			runOnlyForDeploymentPostprocessing = 0;
		};
/* End PBXSourcesBuildPhase section */

/* Begin PBXTargetDependency section */
		83693FE01864CE3900704A3F /* PBXTargetDependency */ = {
			isa = PBXTargetDependency;
			target = 83693FB51864CE3900704A3F /* Crusher IO Test */;
			targetProxy = 83693FDF1864CE3900704A3F /* PBXContainerItemProxy */;
		};
/* End PBXTargetDependency section */

/* Begin PBXVariantGroup section */
		83693FC21864CE3900704A3F /* InfoPlist.strings */ = {
			isa = PBXVariantGroup;
			children = (
				83693FC31864CE3900704A3F /* en */,
			);
			name = InfoPlist.strings;
			sourceTree = "<group>";
		};
		83693FCB1864CE3900704A3F /* Main_iPhone.storyboard */ = {
			isa = PBXVariantGroup;
			children = (
				83693FCC1864CE3900704A3F /* Base */,
			);
			name = Main_iPhone.storyboard;
			sourceTree = "<group>";
		};
		83693FCE1864CE3900704A3F /* Main_iPad.storyboard */ = {
			isa = PBXVariantGroup;
			children = (
				83693FCF1864CE3900704A3F /* Base */,
			);
			name = Main_iPad.storyboard;
			sourceTree = "<group>";
		};
		83693FE41864CE3900704A3F /* InfoPlist.strings */ = {
			isa = PBXVariantGroup;
			children = (
				83693FE51864CE3900704A3F /* en */,
			);
			name = InfoPlist.strings;
			sourceTree = "<group>";
		};
/* End PBXVariantGroup section */

/* Begin XCBuildConfiguration section */
		83693FE91864CE3900704A3F /* Debug */ = {
			isa = XCBuildConfiguration;
			buildSettings = {
				ALWAYS_SEARCH_USER_PATHS = NO;
				ARCHS = "$(ARCHS_STANDARD_INCLUDING_64_BIT)";
				CLANG_CXX_LANGUAGE_STANDARD = "gnu++0x";
				CLANG_CXX_LIBRARY = "libc++";
				CLANG_ENABLE_MODULES = YES;
				CLANG_ENABLE_OBJC_ARC = YES;
				CLANG_WARN_BOOL_CONVERSION = YES;
				CLANG_WARN_CONSTANT_CONVERSION = YES;
				CLANG_WARN_DIRECT_OBJC_ISA_USAGE = YES_ERROR;
				CLANG_WARN_EMPTY_BODY = YES;
				CLANG_WARN_ENUM_CONVERSION = YES;
				CLANG_WARN_INT_CONVERSION = YES;
				CLANG_WARN_OBJC_ROOT_CLASS = YES_ERROR;
				CLANG_WARN__DUPLICATE_METHOD_MATCH = YES;
				"CODE_SIGN_IDENTITY[sdk=iphoneos*]" = "iPhone Developer";
				COPY_PHASE_STRIP = NO;
				GCC_C_LANGUAGE_STANDARD = gnu99;
				GCC_DYNAMIC_NO_PIC = NO;
				GCC_OPTIMIZATION_LEVEL = 0;
				GCC_PREPROCESSOR_DEFINITIONS = (
					"DEBUG=1",
					"$(inherited)",
				);
				GCC_SYMBOLS_PRIVATE_EXTERN = NO;
				GCC_WARN_64_TO_32_BIT_CONVERSION = YES;
				GCC_WARN_ABOUT_RETURN_TYPE = YES_ERROR;
				GCC_WARN_UNDECLARED_SELECTOR = YES;
				GCC_WARN_UNINITIALIZED_AUTOS = YES;
				GCC_WARN_UNUSED_FUNCTION = YES;
				GCC_WARN_UNUSED_VARIABLE = YES;
				IPHONEOS_DEPLOYMENT_TARGET = 7.0;
				ONLY_ACTIVE_ARCH = YES;
				SDKROOT = iphoneos;
				TARGETED_DEVICE_FAMILY = "1,2";
			};
			name = Debug;
		};
		83693FEA1864CE3900704A3F /* Release */ = {
			isa = XCBuildConfiguration;
			buildSettings = {
				ALWAYS_SEARCH_USER_PATHS = NO;
				ARCHS = "$(ARCHS_STANDARD_INCLUDING_64_BIT)";
				CLANG_CXX_LANGUAGE_STANDARD = "gnu++0x";
				CLANG_CXX_LIBRARY = "libc++";
				CLANG_ENABLE_MODULES = YES;
				CLANG_ENABLE_OBJC_ARC = YES;
				CLANG_WARN_BOOL_CONVERSION = YES;
				CLANG_WARN_CONSTANT_CONVERSION = YES;
				CLANG_WARN_DIRECT_OBJC_ISA_USAGE = YES_ERROR;
				CLANG_WARN_EMPTY_BODY = YES;
				CLANG_WARN_ENUM_CONVERSION = YES;
				CLANG_WARN_INT_CONVERSION = YES;
				CLANG_WARN_OBJC_ROOT_CLASS = YES_ERROR;
				CLANG_WARN__DUPLICATE_METHOD_MATCH = YES;
				"CODE_SIGN_IDENTITY[sdk=iphoneos*]" = "iPhone Developer";
				COPY_PHASE_STRIP = YES;
				ENABLE_NS_ASSERTIONS = NO;
				GCC_C_LANGUAGE_STANDARD = gnu99;
				GCC_WARN_64_TO_32_BIT_CONVERSION = YES;
				GCC_WARN_ABOUT_RETURN_TYPE = YES_ERROR;
				GCC_WARN_UNDECLARED_SELECTOR = YES;
				GCC_WARN_UNINITIALIZED_AUTOS = YES;
				GCC_WARN_UNUSED_FUNCTION = YES;
				GCC_WARN_UNUSED_VARIABLE = YES;
				IPHONEOS_DEPLOYMENT_TARGET = 7.0;
				SDKROOT = iphoneos;
				TARGETED_DEVICE_FAMILY = "1,2";
				VALIDATE_PRODUCT = YES;
			};
			name = Release;
		};
		83693FEC1864CE3900704A3F /* Debug */ = {
			isa = XCBuildConfiguration;
			buildSettings = {
				ASSETCATALOG_COMPILER_APPICON_NAME = AppIcon;
				ASSETCATALOG_COMPILER_LAUNCHIMAGE_NAME = LaunchImage;
				GCC_PRECOMPILE_PREFIX_HEADER = YES;
				GCC_PREFIX_HEADER = "Crusher IO Test/Crusher IO Test-Prefix.pch";
				INFOPLIST_FILE = "Crusher IO Test/Crusher IO Test-Info.plist";
				PRODUCT_NAME = "$(TARGET_NAME)";
				WRAPPER_EXTENSION = app;
			};
			name = Debug;
		};
		83693FED1864CE3900704A3F /* Release */ = {
			isa = XCBuildConfiguration;
			buildSettings = {
				ASSETCATALOG_COMPILER_APPICON_NAME = AppIcon;
				ASSETCATALOG_COMPILER_LAUNCHIMAGE_NAME = LaunchImage;
				GCC_PRECOMPILE_PREFIX_HEADER = YES;
				GCC_PREFIX_HEADER = "Crusher IO Test/Crusher IO Test-Prefix.pch";
				INFOPLIST_FILE = "Crusher IO Test/Crusher IO Test-Info.plist";
				PRODUCT_NAME = "$(TARGET_NAME)";
				WRAPPER_EXTENSION = app;
			};
			name = Release;
		};
		83693FEF1864CE3900704A3F /* Debug */ = {
			isa = XCBuildConfiguration;
			buildSettings = {
				ARCHS = "$(ARCHS_STANDARD_INCLUDING_64_BIT)";
				BUNDLE_LOADER = "$(BUILT_PRODUCTS_DIR)/Crusher IO Test.app/Crusher IO Test";
				FRAMEWORK_SEARCH_PATHS = (
					"$(SDKROOT)/Developer/Library/Frameworks",
					"$(inherited)",
					"$(DEVELOPER_FRAMEWORKS_DIR)",
				);
				GCC_PRECOMPILE_PREFIX_HEADER = YES;
				GCC_PREFIX_HEADER = "Crusher IO Test/Crusher IO Test-Prefix.pch";
				GCC_PREPROCESSOR_DEFINITIONS = (
					"DEBUG=1",
					"$(inherited)",
				);
				INFOPLIST_FILE = "Crusher IO TestTests/Crusher IO TestTests-Info.plist";
				PRODUCT_NAME = "$(TARGET_NAME)";
				TEST_HOST = "$(BUNDLE_LOADER)";
				WRAPPER_EXTENSION = xctest;
			};
			name = Debug;
		};
		83693FF01864CE3900704A3F /* Release */ = {
			isa = XCBuildConfiguration;
			buildSettings = {
				ARCHS = "$(ARCHS_STANDARD_INCLUDING_64_BIT)";
				BUNDLE_LOADER = "$(BUILT_PRODUCTS_DIR)/Crusher IO Test.app/Crusher IO Test";
				FRAMEWORK_SEARCH_PATHS = (
					"$(SDKROOT)/Developer/Library/Frameworks",
					"$(inherited)",
					"$(DEVELOPER_FRAMEWORKS_DIR)",
				);
				GCC_PRECOMPILE_PREFIX_HEADER = YES;
				GCC_PREFIX_HEADER = "Crusher IO Test/Crusher IO Test-Prefix.pch";
				INFOPLIST_FILE = "Crusher IO TestTests/Crusher IO TestTests-Info.plist";
				PRODUCT_NAME = "$(TARGET_NAME)";
				TEST_HOST = "$(BUNDLE_LOADER)";
				WRAPPER_EXTENSION = xctest;
			};
			name = Release;
		};
/* End XCBuildConfiguration section */

/* Begin XCConfigurationList section */
		83693FB11864CE3900704A3F /* Build configuration list for PBXProject "Crusher IO Test" */ = {
			isa = XCConfigurationList;
			buildConfigurations = (
				83693FE91864CE3900704A3F /* Debug */,
				83693FEA1864CE3900704A3F /* Release */,
			);
			defaultConfigurationIsVisible = 0;
			defaultConfigurationName = Release;
		};
		83693FEB1864CE3900704A3F /* Build configuration list for PBXNativeTarget "Crusher IO Test" */ = {
			isa = XCConfigurationList;
			buildConfigurations = (
				83693FEC1864CE3900704A3F /* Debug */,
				83693FED1864CE3900704A3F /* Release */,
			);
			defaultConfigurationIsVisible = 0;
		};
		83693FEE1864CE3900704A3F /* Build configuration list for PBXNativeTarget "Crusher IO TestTests" */ = {
			isa = XCConfigurationList;
			buildConfigurations = (
				83693FEF1864CE3900704A3F /* Debug */,
				83693FF01864CE3900704A3F /* Release */,
			);
			defaultConfigurationIsVisible = 0;
		};
/* End XCConfigurationList section */
	};
	rootObject = 83693FAE1864CE3900704A3F /* Project object */;
}
